
Microsoft Visual Studio Solution File, Format Version 12.00
# Visual Studio Version 17
VisualStudioVersion = 17.5.002.0
MinimumVisualStudioVersion = 10.0.40219.1
Project("{9A19103F-16F7-4668-BE54-9A1E7A4F7556}") = "Arquivos", "Arquivos.csproj", "{75B5D1DF-EA6A-4901-94E4-683E36C238F5}"
EndProject
Global
	GlobalSection(SolutionConfigurationPlatforms) = preSolution
		Debug|Any CPU = Debug|Any CPU
		Release|Any CPU = Release|Any CPU
	EndGlobalSection
	GlobalSection(ProjectConfigurationPlatforms) = postSolution
		{75B5D1DF-EA6A-4901-94E4-683E36C238F5}.Debug|Any CPU.ActiveCfg = Debug|Any CPU
		{75B5D1DF-EA6A-4901-94E4-683E36C238F5}.Debug|Any CPU.Build.0 = Debug|Any CPU
		{75B5D1DF-EA6A-4901-94E4-683E36C238F5}.Release|Any CPU.ActiveCfg = Release|Any CPU
		{75B5D1DF-EA6A-4901-94E4-683E36C238F5}.Release|Any CPU.Build.0 = Release|Any CPU
	EndGlobalSection
	GlobalSection(SolutionProperties) = preSolution
		HideSolutionNode = FALSE
	EndGlobalSection
	GlobalSection(ExtensibilityGlobals) = postSolution
		SolutionGuid = {31DCDD7F-599C-4CD5-9251-69216C27E3C9}
	EndGlobalSection
EndGlobal
