
Microsoft Visual Studio Solution File, Format Version 12.00
# Visual Studio Version 17
VisualStudioVersion = 17.5.002.0
MinimumVisualStudioVersion = 10.0.40219.1
Project("{9A19103F-16F7-4668-BE54-9A1E7A4F7556}") = "Lista", "Lista.csproj", "{AFAE9462-25D0-497E-AAAA-013B1B720EFD}"
EndProject
Global
	GlobalSection(SolutionConfigurationPlatforms) = preSolution
		Debug|Any CPU = Debug|Any CPU
		Release|Any CPU = Release|Any CPU
	EndGlobalSection
	GlobalSection(ProjectConfigurationPlatforms) = postSolution
		{AFAE9462-25D0-497E-AAAA-013B1B720EFD}.Debug|Any CPU.ActiveCfg = Debug|Any CPU
		{AFAE9462-25D0-497E-AAAA-013B1B720EFD}.Debug|Any CPU.Build.0 = Debug|Any CPU
		{AFAE9462-25D0-497E-AAAA-013B1B720EFD}.Release|Any CPU.ActiveCfg = Release|Any CPU
		{AFAE9462-25D0-497E-AAAA-013B1B720EFD}.Release|Any CPU.Build.0 = Release|Any CPU
	EndGlobalSection
	GlobalSection(SolutionProperties) = preSolution
		HideSolutionNode = FALSE
	EndGlobalSection
	GlobalSection(ExtensibilityGlobals) = postSolution
		SolutionGuid = {CAE2C05D-0BAE-484E-83B2-D60F6C3F7A5C}
	EndGlobalSection
EndGlobal
