
Microsoft Visual Studio Solution File, Format Version 12.00
# Visual Studio Version 17
VisualStudioVersion = 17.5.002.0
MinimumVisualStudioVersion = 10.0.40219.1
Project("{9A19103F-16F7-4668-BE54-9A1E7A4F7556}") = "Abstract", "Abstract.csproj", "{863D1493-F590-4348-AE6D-0110C12BF32D}"
EndProject
Global
	GlobalSection(SolutionConfigurationPlatforms) = preSolution
		Debug|Any CPU = Debug|Any CPU
		Release|Any CPU = Release|Any CPU
	EndGlobalSection
	GlobalSection(ProjectConfigurationPlatforms) = postSolution
		{863D1493-F590-4348-AE6D-0110C12BF32D}.Debug|Any CPU.ActiveCfg = Debug|Any CPU
		{863D1493-F590-4348-AE6D-0110C12BF32D}.Debug|Any CPU.Build.0 = Debug|Any CPU
		{863D1493-F590-4348-AE6D-0110C12BF32D}.Release|Any CPU.ActiveCfg = Release|Any CPU
		{863D1493-F590-4348-AE6D-0110C12BF32D}.Release|Any CPU.Build.0 = Release|Any CPU
	EndGlobalSection
	GlobalSection(SolutionProperties) = preSolution
		HideSolutionNode = FALSE
	EndGlobalSection
	GlobalSection(ExtensibilityGlobals) = postSolution
		SolutionGuid = {F680B3C4-123B-411E-B033-20B41FF18A96}
	EndGlobalSection
EndGlobal
