
Microsoft Visual Studio Solution File, Format Version 12.00
# Visual Studio Version 17
VisualStudioVersion = 17.5.002.0
MinimumVisualStudioVersion = 10.0.40219.1
Project("{9A19103F-16F7-4668-BE54-9A1E7A4F7556}") = "Lista2", "Lista2.csproj", "{ED7198C6-90F2-42B3-A734-5DB5CCA2E972}"
EndProject
Global
	GlobalSection(SolutionConfigurationPlatforms) = preSolution
		Debug|Any CPU = Debug|Any CPU
		Release|Any CPU = Release|Any CPU
	EndGlobalSection
	GlobalSection(ProjectConfigurationPlatforms) = postSolution
		{ED7198C6-90F2-42B3-A734-5DB5CCA2E972}.Debug|Any CPU.ActiveCfg = Debug|Any CPU
		{ED7198C6-90F2-42B3-A734-5DB5CCA2E972}.Debug|Any CPU.Build.0 = Debug|Any CPU
		{ED7198C6-90F2-42B3-A734-5DB5CCA2E972}.Release|Any CPU.ActiveCfg = Release|Any CPU
		{ED7198C6-90F2-42B3-A734-5DB5CCA2E972}.Release|Any CPU.Build.0 = Release|Any CPU
	EndGlobalSection
	GlobalSection(SolutionProperties) = preSolution
		HideSolutionNode = FALSE
	EndGlobalSection
	GlobalSection(ExtensibilityGlobals) = postSolution
		SolutionGuid = {6A1A1F26-D5B3-4869-A4A5-A1CF32FC7D05}
	EndGlobalSection
EndGlobal
