
Microsoft Visual Studio Solution File, Format Version 12.00
# Visual Studio Version 17
VisualStudioVersion = 17.5.002.0
MinimumVisualStudioVersion = 10.0.40219.1
Project("{9A19103F-16F7-4668-BE54-9A1E7A4F7556}") = "Static", "Static.csproj", "{02DD6423-C4D3-4376-8954-3BC8C7F44797}"
EndProject
Global
	GlobalSection(SolutionConfigurationPlatforms) = preSolution
		Debug|Any CPU = Debug|Any CPU
		Release|Any CPU = Release|Any CPU
	EndGlobalSection
	GlobalSection(ProjectConfigurationPlatforms) = postSolution
		{02DD6423-C4D3-4376-8954-3BC8C7F44797}.Debug|Any CPU.ActiveCfg = Debug|Any CPU
		{02DD6423-C4D3-4376-8954-3BC8C7F44797}.Debug|Any CPU.Build.0 = Debug|Any CPU
		{02DD6423-C4D3-4376-8954-3BC8C7F44797}.Release|Any CPU.ActiveCfg = Release|Any CPU
		{02DD6423-C4D3-4376-8954-3BC8C7F44797}.Release|Any CPU.Build.0 = Release|Any CPU
	EndGlobalSection
	GlobalSection(SolutionProperties) = preSolution
		HideSolutionNode = FALSE
	EndGlobalSection
	GlobalSection(ExtensibilityGlobals) = postSolution
		SolutionGuid = {ACE5D059-F681-443B-9ADC-FA0F510CCADD}
	EndGlobalSection
EndGlobal
